
Microsoft Visual Studio Solution File, Format Version 12.00
# Visual Studio Version 17
VisualStudioVersion = 17.12.35209.166
MinimumVisualStudioVersion = 10.0.40219.1
Project("{FAE04EC0-301F-11D3-BF4B-00C04F79EFBC}") = "ArgonHost", "argohost\argohost\ArgonHost.csproj", "{88DE07E5-667D-4FE0-9206-AE3714386535}"
EndProject
Project("{FAE04EC0-301F-11D3-BF4B-00C04F79EFBC}") = "argohost.Desktop", "argohost\argohost.Desktop\argohost.Desktop.csproj", "{09676BC4-8AB0-4489-941D-B85CEB28D803}"
EndProject
Project("{FAE04EC0-301F-11D3-BF4B-00C04F79EFBC}") = "Argon.Glue", "argohost\argo.glue\Argon.Glue.csproj", "{C9FA1CE9-9289-4414-984F-A31D2BD09806}"
EndProject
Project("{FAE04EC0-301F-11D3-BF4B-00C04F79EFBC}") = "Argon.Contracts", "..\..\server\src\Argon.Contracts\Argon.Contracts.csproj", "{85D83C22-F56D-4601-88E8-101DF42A4816}"
EndProject
Project("{2150E333-8FDC-42A3-9474-1A3956D46DE8}") = "deps", "deps", "{54A6EB45-1F6A-4B44-9855-5391F26DBB2B}"
EndProject
Project("{2150E333-8FDC-42A3-9474-1A3956D46DE8}") = "platforms", "platforms", "{055D628C-A715-407F-B4C4-ED946BA1A058}"
EndProject
Project("{FAE04EC0-301F-11D3-BF4B-00C04F79EFBC}") = "WebViewControl.Avalonia", "argohost\deps\WebView.Desktop\WebViewControl.Avalonia\WebViewControl.Avalonia.csproj", "{D080C6C2-BCEE-4CBB-83B6-A09A1AAD97EB}"
EndProject
Project("{FAE04EC0-301F-11D3-BF4B-00C04F79EFBC}") = "Argon.Glue.TypeScriptGen", "argohost\argon.glue.gen\Argon.Glue.TypeScriptGen.csproj", "{29188FF6-B712-4136-86EC-6A2D6F0297CC}"
EndProject
Project("{FAE04EC0-301F-11D3-BF4B-00C04F79EFBC}") = "Argon.Glue.GeneratorLayers", "argohost\argon.glue.generator\Argon.Glue.GeneratorLayers.csproj", "{35C7A0E0-F736-4AAB-B298-294B0185C22E}"
EndProject
Project("{FAE04EC0-301F-11D3-BF4B-00C04F79EFBC}") = "Argon.Glue.Core", "argohost\Argon.Glue.Core\Argon.Glue.Core.csproj", "{692B6963-FB59-4442-B55B-1300B1D8BC43}"
EndProject
Project("{FAE04EC0-301F-11D3-BF4B-00C04F79EFBC}") = "Argon.Glue.Bridge", "argohost\argon.glue.bridge\Argon.Glue.Bridge.csproj", "{98887716-D54E-4B2F-ADA1-37F87DEA1B8A}"
EndProject
Project("{2150E333-8FDC-42A3-9474-1A3956D46DE8}") = "installers", "installers", "{EF11087F-DBB6-4013-858A-6420C316E303}"
EndProject
Project("{C7167F0D-BC9F-4E6E-AFE1-012C56B48DB5}") = "Argon.Msix", "installers\Argon.Msix\Argon.Msix.wapproj", "{0BF70F98-56ED-40F0-8AF4-6D660968AD61}"
EndProject
Project("{2150E333-8FDC-42A3-9474-1A3956D46DE8}") = "Solution Items", "Solution Items", "{1F3565B9-0B49-4452-885F-9574DEFDEF6A}"
	ProjectSection(SolutionItems) = preProject
		..\Directory.Build.props = ..\Directory.Build.props
		..\GitVersion.yml = ..\GitVersion.yml
		..\LICENSE = ..\LICENSE
		..\README.md = ..\README.md
	EndProjectSection
EndProject
Global
	GlobalSection(SolutionConfigurationPlatforms) = preSolution
		Debug|Any CPU = Debug|Any CPU
		Debug|ARM = Debug|ARM
		Debug|ARM64 = Debug|ARM64
		Debug|x64 = Debug|x64
		Debug|x86 = Debug|x86
		Release|Any CPU = Release|Any CPU
		Release|ARM = Release|ARM
		Release|ARM64 = Release|ARM64
		Release|x64 = Release|x64
		Release|x86 = Release|x86
		ReleaseAvalonia|Any CPU = ReleaseAvalonia|Any CPU
		ReleaseAvalonia|ARM = ReleaseAvalonia|ARM
		ReleaseAvalonia|ARM64 = ReleaseAvalonia|ARM64
		ReleaseAvalonia|x64 = ReleaseAvalonia|x64
		ReleaseAvalonia|x86 = ReleaseAvalonia|x86
		ReleaseAvaloniaRemoteDebugSupport|Any CPU = ReleaseAvaloniaRemoteDebugSupport|Any CPU
		ReleaseAvaloniaRemoteDebugSupport|ARM = ReleaseAvaloniaRemoteDebugSupport|ARM
		ReleaseAvaloniaRemoteDebugSupport|ARM64 = ReleaseAvaloniaRemoteDebugSupport|ARM64
		ReleaseAvaloniaRemoteDebugSupport|x64 = ReleaseAvaloniaRemoteDebugSupport|x64
		ReleaseAvaloniaRemoteDebugSupport|x86 = ReleaseAvaloniaRemoteDebugSupport|x86
		ReleaseWPF|Any CPU = ReleaseWPF|Any CPU
		ReleaseWPF|ARM = ReleaseWPF|ARM
		ReleaseWPF|ARM64 = ReleaseWPF|ARM64
		ReleaseWPF|x64 = ReleaseWPF|x64
		ReleaseWPF|x86 = ReleaseWPF|x86
	EndGlobalSection
	GlobalSection(ProjectConfigurationPlatforms) = postSolution
		{88DE07E5-667D-4FE0-9206-AE3714386535}.Debug|Any CPU.ActiveCfg = Debug|Any CPU
		{88DE07E5-667D-4FE0-9206-AE3714386535}.Debug|Any CPU.Build.0 = Debug|Any CPU
		{88DE07E5-667D-4FE0-9206-AE3714386535}.Debug|ARM.ActiveCfg = Debug|Any CPU
		{88DE07E5-667D-4FE0-9206-AE3714386535}.Debug|ARM.Build.0 = Debug|Any CPU
		{88DE07E5-667D-4FE0-9206-AE3714386535}.Debug|ARM64.ActiveCfg = Debug|Any CPU
		{88DE07E5-667D-4FE0-9206-AE3714386535}.Debug|ARM64.Build.0 = Debug|Any CPU
		{88DE07E5-667D-4FE0-9206-AE3714386535}.Debug|x64.ActiveCfg = Debug|Any CPU
		{88DE07E5-667D-4FE0-9206-AE3714386535}.Debug|x64.Build.0 = Debug|Any CPU
		{88DE07E5-667D-4FE0-9206-AE3714386535}.Debug|x86.ActiveCfg = Debug|Any CPU
		{88DE07E5-667D-4FE0-9206-AE3714386535}.Debug|x86.Build.0 = Debug|Any CPU
		{88DE07E5-667D-4FE0-9206-AE3714386535}.Release|Any CPU.ActiveCfg = Release|Any CPU
		{88DE07E5-667D-4FE0-9206-AE3714386535}.Release|Any CPU.Build.0 = Release|Any CPU
		{88DE07E5-667D-4FE0-9206-AE3714386535}.Release|ARM.ActiveCfg = Release|Any CPU
		{88DE07E5-667D-4FE0-9206-AE3714386535}.Release|ARM.Build.0 = Release|Any CPU
		{88DE07E5-667D-4FE0-9206-AE3714386535}.Release|ARM64.ActiveCfg = Release|Any CPU
		{88DE07E5-667D-4FE0-9206-AE3714386535}.Release|ARM64.Build.0 = Release|Any CPU
		{88DE07E5-667D-4FE0-9206-AE3714386535}.Release|x64.ActiveCfg = Release|Any CPU
		{88DE07E5-667D-4FE0-9206-AE3714386535}.Release|x64.Build.0 = Release|Any CPU
		{88DE07E5-667D-4FE0-9206-AE3714386535}.Release|x86.ActiveCfg = Release|Any CPU
		{88DE07E5-667D-4FE0-9206-AE3714386535}.Release|x86.Build.0 = Release|Any CPU
		{88DE07E5-667D-4FE0-9206-AE3714386535}.ReleaseAvalonia|Any CPU.ActiveCfg = Release|Any CPU
		{88DE07E5-667D-4FE0-9206-AE3714386535}.ReleaseAvalonia|Any CPU.Build.0 = Release|Any CPU
		{88DE07E5-667D-4FE0-9206-AE3714386535}.ReleaseAvalonia|ARM.ActiveCfg = Release|Any CPU
		{88DE07E5-667D-4FE0-9206-AE3714386535}.ReleaseAvalonia|ARM.Build.0 = Release|Any CPU
		{88DE07E5-667D-4FE0-9206-AE3714386535}.ReleaseAvalonia|ARM64.ActiveCfg = Release|Any CPU
		{88DE07E5-667D-4FE0-9206-AE3714386535}.ReleaseAvalonia|ARM64.Build.0 = Release|Any CPU
		{88DE07E5-667D-4FE0-9206-AE3714386535}.ReleaseAvalonia|x64.ActiveCfg = Release|Any CPU
		{88DE07E5-667D-4FE0-9206-AE3714386535}.ReleaseAvalonia|x64.Build.0 = Release|Any CPU
		{88DE07E5-667D-4FE0-9206-AE3714386535}.ReleaseAvalonia|x86.ActiveCfg = Release|Any CPU
		{88DE07E5-667D-4FE0-9206-AE3714386535}.ReleaseAvalonia|x86.Build.0 = Release|Any CPU
		{88DE07E5-667D-4FE0-9206-AE3714386535}.ReleaseAvaloniaRemoteDebugSupport|Any CPU.ActiveCfg = Release|Any CPU
		{88DE07E5-667D-4FE0-9206-AE3714386535}.ReleaseAvaloniaRemoteDebugSupport|Any CPU.Build.0 = Release|Any CPU
		{88DE07E5-667D-4FE0-9206-AE3714386535}.ReleaseAvaloniaRemoteDebugSupport|ARM.ActiveCfg = Release|Any CPU
		{88DE07E5-667D-4FE0-9206-AE3714386535}.ReleaseAvaloniaRemoteDebugSupport|ARM.Build.0 = Release|Any CPU
		{88DE07E5-667D-4FE0-9206-AE3714386535}.ReleaseAvaloniaRemoteDebugSupport|ARM64.ActiveCfg = Release|Any CPU
		{88DE07E5-667D-4FE0-9206-AE3714386535}.ReleaseAvaloniaRemoteDebugSupport|ARM64.Build.0 = Release|Any CPU
		{88DE07E5-667D-4FE0-9206-AE3714386535}.ReleaseAvaloniaRemoteDebugSupport|x64.ActiveCfg = Release|Any CPU
		{88DE07E5-667D-4FE0-9206-AE3714386535}.ReleaseAvaloniaRemoteDebugSupport|x64.Build.0 = Release|Any CPU
		{88DE07E5-667D-4FE0-9206-AE3714386535}.ReleaseAvaloniaRemoteDebugSupport|x86.ActiveCfg = Release|Any CPU
		{88DE07E5-667D-4FE0-9206-AE3714386535}.ReleaseAvaloniaRemoteDebugSupport|x86.Build.0 = Release|Any CPU
		{88DE07E5-667D-4FE0-9206-AE3714386535}.ReleaseWPF|Any CPU.ActiveCfg = Release|Any CPU
		{88DE07E5-667D-4FE0-9206-AE3714386535}.ReleaseWPF|Any CPU.Build.0 = Release|Any CPU
		{88DE07E5-667D-4FE0-9206-AE3714386535}.ReleaseWPF|ARM.ActiveCfg = Release|Any CPU
		{88DE07E5-667D-4FE0-9206-AE3714386535}.ReleaseWPF|ARM.Build.0 = Release|Any CPU
		{88DE07E5-667D-4FE0-9206-AE3714386535}.ReleaseWPF|ARM64.ActiveCfg = Release|Any CPU
		{88DE07E5-667D-4FE0-9206-AE3714386535}.ReleaseWPF|ARM64.Build.0 = Release|Any CPU
		{88DE07E5-667D-4FE0-9206-AE3714386535}.ReleaseWPF|x64.ActiveCfg = Release|Any CPU
		{88DE07E5-667D-4FE0-9206-AE3714386535}.ReleaseWPF|x64.Build.0 = Release|Any CPU
		{88DE07E5-667D-4FE0-9206-AE3714386535}.ReleaseWPF|x86.ActiveCfg = Release|Any CPU
		{88DE07E5-667D-4FE0-9206-AE3714386535}.ReleaseWPF|x86.Build.0 = Release|Any CPU
		{09676BC4-8AB0-4489-941D-B85CEB28D803}.Debug|Any CPU.ActiveCfg = Debug|Any CPU
		{09676BC4-8AB0-4489-941D-B85CEB28D803}.Debug|Any CPU.Build.0 = Debug|Any CPU
		{09676BC4-8AB0-4489-941D-B85CEB28D803}.Debug|ARM.ActiveCfg = Debug|Any CPU
		{09676BC4-8AB0-4489-941D-B85CEB28D803}.Debug|ARM.Build.0 = Debug|Any CPU
		{09676BC4-8AB0-4489-941D-B85CEB28D803}.Debug|ARM64.ActiveCfg = Debug|Any CPU
		{09676BC4-8AB0-4489-941D-B85CEB28D803}.Debug|ARM64.Build.0 = Debug|Any CPU
		{09676BC4-8AB0-4489-941D-B85CEB28D803}.Debug|x64.ActiveCfg = Debug|Any CPU
		{09676BC4-8AB0-4489-941D-B85CEB28D803}.Debug|x64.Build.0 = Debug|Any CPU
		{09676BC4-8AB0-4489-941D-B85CEB28D803}.Debug|x86.ActiveCfg = Debug|Any CPU
		{09676BC4-8AB0-4489-941D-B85CEB28D803}.Debug|x86.Build.0 = Debug|Any CPU
		{09676BC4-8AB0-4489-941D-B85CEB28D803}.Release|Any CPU.ActiveCfg = Release|Any CPU
		{09676BC4-8AB0-4489-941D-B85CEB28D803}.Release|Any CPU.Build.0 = Release|Any CPU
		{09676BC4-8AB0-4489-941D-B85CEB28D803}.Release|ARM.ActiveCfg = Release|Any CPU
		{09676BC4-8AB0-4489-941D-B85CEB28D803}.Release|ARM.Build.0 = Release|Any CPU
		{09676BC4-8AB0-4489-941D-B85CEB28D803}.Release|ARM64.ActiveCfg = Release|Any CPU
		{09676BC4-8AB0-4489-941D-B85CEB28D803}.Release|ARM64.Build.0 = Release|Any CPU
		{09676BC4-8AB0-4489-941D-B85CEB28D803}.Release|x64.ActiveCfg = Release|x64
		{09676BC4-8AB0-4489-941D-B85CEB28D803}.Release|x64.Build.0 = Release|x64
		{09676BC4-8AB0-4489-941D-B85CEB28D803}.Release|x86.ActiveCfg = Release|Any CPU
		{09676BC4-8AB0-4489-941D-B85CEB28D803}.Release|x86.Build.0 = Release|Any CPU
		{09676BC4-8AB0-4489-941D-B85CEB28D803}.ReleaseAvalonia|Any CPU.ActiveCfg = Release|Any CPU
		{09676BC4-8AB0-4489-941D-B85CEB28D803}.ReleaseAvalonia|Any CPU.Build.0 = Release|Any CPU
		{09676BC4-8AB0-4489-941D-B85CEB28D803}.ReleaseAvalonia|ARM.ActiveCfg = Release|Any CPU
		{09676BC4-8AB0-4489-941D-B85CEB28D803}.ReleaseAvalonia|ARM.Build.0 = Release|Any CPU
		{09676BC4-8AB0-4489-941D-B85CEB28D803}.ReleaseAvalonia|ARM64.ActiveCfg = Release|Any CPU
		{09676BC4-8AB0-4489-941D-B85CEB28D803}.ReleaseAvalonia|ARM64.Build.0 = Release|Any CPU
		{09676BC4-8AB0-4489-941D-B85CEB28D803}.ReleaseAvalonia|x64.ActiveCfg = Release|Any CPU
		{09676BC4-8AB0-4489-941D-B85CEB28D803}.ReleaseAvalonia|x64.Build.0 = Release|Any CPU
		{09676BC4-8AB0-4489-941D-B85CEB28D803}.ReleaseAvalonia|x86.ActiveCfg = Release|Any CPU
		{09676BC4-8AB0-4489-941D-B85CEB28D803}.ReleaseAvalonia|x86.Build.0 = Release|Any CPU
		{09676BC4-8AB0-4489-941D-B85CEB28D803}.ReleaseAvaloniaRemoteDebugSupport|Any CPU.ActiveCfg = Release|Any CPU
		{09676BC4-8AB0-4489-941D-B85CEB28D803}.ReleaseAvaloniaRemoteDebugSupport|Any CPU.Build.0 = Release|Any CPU
		{09676BC4-8AB0-4489-941D-B85CEB28D803}.ReleaseAvaloniaRemoteDebugSupport|ARM.ActiveCfg = Release|Any CPU
		{09676BC4-8AB0-4489-941D-B85CEB28D803}.ReleaseAvaloniaRemoteDebugSupport|ARM.Build.0 = Release|Any CPU
		{09676BC4-8AB0-4489-941D-B85CEB28D803}.ReleaseAvaloniaRemoteDebugSupport|ARM64.ActiveCfg = Release|Any CPU
		{09676BC4-8AB0-4489-941D-B85CEB28D803}.ReleaseAvaloniaRemoteDebugSupport|ARM64.Build.0 = Release|Any CPU
		{09676BC4-8AB0-4489-941D-B85CEB28D803}.ReleaseAvaloniaRemoteDebugSupport|x64.ActiveCfg = Release|Any CPU
		{09676BC4-8AB0-4489-941D-B85CEB28D803}.ReleaseAvaloniaRemoteDebugSupport|x64.Build.0 = Release|Any CPU
		{09676BC4-8AB0-4489-941D-B85CEB28D803}.ReleaseAvaloniaRemoteDebugSupport|x86.ActiveCfg = Release|Any CPU
		{09676BC4-8AB0-4489-941D-B85CEB28D803}.ReleaseAvaloniaRemoteDebugSupport|x86.Build.0 = Release|Any CPU
		{09676BC4-8AB0-4489-941D-B85CEB28D803}.ReleaseWPF|Any CPU.ActiveCfg = Release|Any CPU
		{09676BC4-8AB0-4489-941D-B85CEB28D803}.ReleaseWPF|Any CPU.Build.0 = Release|Any CPU
		{09676BC4-8AB0-4489-941D-B85CEB28D803}.ReleaseWPF|ARM.ActiveCfg = Release|Any CPU
		{09676BC4-8AB0-4489-941D-B85CEB28D803}.ReleaseWPF|ARM.Build.0 = Release|Any CPU
		{09676BC4-8AB0-4489-941D-B85CEB28D803}.ReleaseWPF|ARM64.ActiveCfg = Release|Any CPU
		{09676BC4-8AB0-4489-941D-B85CEB28D803}.ReleaseWPF|ARM64.Build.0 = Release|Any CPU
		{09676BC4-8AB0-4489-941D-B85CEB28D803}.ReleaseWPF|x64.ActiveCfg = Release|Any CPU
		{09676BC4-8AB0-4489-941D-B85CEB28D803}.ReleaseWPF|x64.Build.0 = Release|Any CPU
		{09676BC4-8AB0-4489-941D-B85CEB28D803}.ReleaseWPF|x86.ActiveCfg = Release|Any CPU
		{09676BC4-8AB0-4489-941D-B85CEB28D803}.ReleaseWPF|x86.Build.0 = Release|Any CPU
		{C9FA1CE9-9289-4414-984F-A31D2BD09806}.Debug|Any CPU.ActiveCfg = Debug|Any CPU
		{C9FA1CE9-9289-4414-984F-A31D2BD09806}.Debug|Any CPU.Build.0 = Debug|Any CPU
		{C9FA1CE9-9289-4414-984F-A31D2BD09806}.Debug|ARM.ActiveCfg = Debug|Any CPU
		{C9FA1CE9-9289-4414-984F-A31D2BD09806}.Debug|ARM.Build.0 = Debug|Any CPU
		{C9FA1CE9-9289-4414-984F-A31D2BD09806}.Debug|ARM64.ActiveCfg = Debug|Any CPU
		{C9FA1CE9-9289-4414-984F-A31D2BD09806}.Debug|ARM64.Build.0 = Debug|Any CPU
		{C9FA1CE9-9289-4414-984F-A31D2BD09806}.Debug|x64.ActiveCfg = Debug|Any CPU
		{C9FA1CE9-9289-4414-984F-A31D2BD09806}.Debug|x64.Build.0 = Debug|Any CPU
		{C9FA1CE9-9289-4414-984F-A31D2BD09806}.Debug|x86.ActiveCfg = Debug|Any CPU
		{C9FA1CE9-9289-4414-984F-A31D2BD09806}.Debug|x86.Build.0 = Debug|Any CPU
		{C9FA1CE9-9289-4414-984F-A31D2BD09806}.Release|Any CPU.ActiveCfg = Release|Any CPU
		{C9FA1CE9-9289-4414-984F-A31D2BD09806}.Release|Any CPU.Build.0 = Release|Any CPU
		{C9FA1CE9-9289-4414-984F-A31D2BD09806}.Release|ARM.ActiveCfg = Release|Any CPU
		{C9FA1CE9-9289-4414-984F-A31D2BD09806}.Release|ARM.Build.0 = Release|Any CPU
		{C9FA1CE9-9289-4414-984F-A31D2BD09806}.Release|ARM64.ActiveCfg = Release|Any CPU
		{C9FA1CE9-9289-4414-984F-A31D2BD09806}.Release|ARM64.Build.0 = Release|Any CPU
		{C9FA1CE9-9289-4414-984F-A31D2BD09806}.Release|x64.ActiveCfg = Release|Any CPU
		{C9FA1CE9-9289-4414-984F-A31D2BD09806}.Release|x64.Build.0 = Release|Any CPU
		{C9FA1CE9-9289-4414-984F-A31D2BD09806}.Release|x86.ActiveCfg = Release|Any CPU
		{C9FA1CE9-9289-4414-984F-A31D2BD09806}.Release|x86.Build.0 = Release|Any CPU
		{C9FA1CE9-9289-4414-984F-A31D2BD09806}.ReleaseAvalonia|Any CPU.ActiveCfg = Release|Any CPU
		{C9FA1CE9-9289-4414-984F-A31D2BD09806}.ReleaseAvalonia|Any CPU.Build.0 = Release|Any CPU
		{C9FA1CE9-9289-4414-984F-A31D2BD09806}.ReleaseAvalonia|ARM.ActiveCfg = Release|Any CPU
		{C9FA1CE9-9289-4414-984F-A31D2BD09806}.ReleaseAvalonia|ARM.Build.0 = Release|Any CPU
		{C9FA1CE9-9289-4414-984F-A31D2BD09806}.ReleaseAvalonia|ARM64.ActiveCfg = Release|Any CPU
		{C9FA1CE9-9289-4414-984F-A31D2BD09806}.ReleaseAvalonia|ARM64.Build.0 = Release|Any CPU
		{C9FA1CE9-9289-4414-984F-A31D2BD09806}.ReleaseAvalonia|x64.ActiveCfg = Release|Any CPU
		{C9FA1CE9-9289-4414-984F-A31D2BD09806}.ReleaseAvalonia|x64.Build.0 = Release|Any CPU
		{C9FA1CE9-9289-4414-984F-A31D2BD09806}.ReleaseAvalonia|x86.ActiveCfg = Release|Any CPU
		{C9FA1CE9-9289-4414-984F-A31D2BD09806}.ReleaseAvalonia|x86.Build.0 = Release|Any CPU
		{C9FA1CE9-9289-4414-984F-A31D2BD09806}.ReleaseAvaloniaRemoteDebugSupport|Any CPU.ActiveCfg = Release|Any CPU
		{C9FA1CE9-9289-4414-984F-A31D2BD09806}.ReleaseAvaloniaRemoteDebugSupport|Any CPU.Build.0 = Release|Any CPU
		{C9FA1CE9-9289-4414-984F-A31D2BD09806}.ReleaseAvaloniaRemoteDebugSupport|ARM.ActiveCfg = Release|Any CPU
		{C9FA1CE9-9289-4414-984F-A31D2BD09806}.ReleaseAvaloniaRemoteDebugSupport|ARM.Build.0 = Release|Any CPU
		{C9FA1CE9-9289-4414-984F-A31D2BD09806}.ReleaseAvaloniaRemoteDebugSupport|ARM64.ActiveCfg = Release|Any CPU
		{C9FA1CE9-9289-4414-984F-A31D2BD09806}.ReleaseAvaloniaRemoteDebugSupport|ARM64.Build.0 = Release|Any CPU
		{C9FA1CE9-9289-4414-984F-A31D2BD09806}.ReleaseAvaloniaRemoteDebugSupport|x64.ActiveCfg = Release|Any CPU
		{C9FA1CE9-9289-4414-984F-A31D2BD09806}.ReleaseAvaloniaRemoteDebugSupport|x64.Build.0 = Release|Any CPU
		{C9FA1CE9-9289-4414-984F-A31D2BD09806}.ReleaseAvaloniaRemoteDebugSupport|x86.ActiveCfg = Release|Any CPU
		{C9FA1CE9-9289-4414-984F-A31D2BD09806}.ReleaseAvaloniaRemoteDebugSupport|x86.Build.0 = Release|Any CPU
		{C9FA1CE9-9289-4414-984F-A31D2BD09806}.ReleaseWPF|Any CPU.ActiveCfg = Release|Any CPU
		{C9FA1CE9-9289-4414-984F-A31D2BD09806}.ReleaseWPF|Any CPU.Build.0 = Release|Any CPU
		{C9FA1CE9-9289-4414-984F-A31D2BD09806}.ReleaseWPF|ARM.ActiveCfg = Release|Any CPU
		{C9FA1CE9-9289-4414-984F-A31D2BD09806}.ReleaseWPF|ARM.Build.0 = Release|Any CPU
		{C9FA1CE9-9289-4414-984F-A31D2BD09806}.ReleaseWPF|ARM64.ActiveCfg = Release|Any CPU
		{C9FA1CE9-9289-4414-984F-A31D2BD09806}.ReleaseWPF|ARM64.Build.0 = Release|Any CPU
		{C9FA1CE9-9289-4414-984F-A31D2BD09806}.ReleaseWPF|x64.ActiveCfg = Release|Any CPU
		{C9FA1CE9-9289-4414-984F-A31D2BD09806}.ReleaseWPF|x64.Build.0 = Release|Any CPU
		{C9FA1CE9-9289-4414-984F-A31D2BD09806}.ReleaseWPF|x86.ActiveCfg = Release|Any CPU
		{C9FA1CE9-9289-4414-984F-A31D2BD09806}.ReleaseWPF|x86.Build.0 = Release|Any CPU
		{85D83C22-F56D-4601-88E8-101DF42A4816}.Debug|Any CPU.ActiveCfg = Debug|Any CPU
		{85D83C22-F56D-4601-88E8-101DF42A4816}.Debug|Any CPU.Build.0 = Debug|Any CPU
		{85D83C22-F56D-4601-88E8-101DF42A4816}.Debug|ARM.ActiveCfg = Debug|Any CPU
		{85D83C22-F56D-4601-88E8-101DF42A4816}.Debug|ARM.Build.0 = Debug|Any CPU
		{85D83C22-F56D-4601-88E8-101DF42A4816}.Debug|ARM64.ActiveCfg = Debug|Any CPU
		{85D83C22-F56D-4601-88E8-101DF42A4816}.Debug|ARM64.Build.0 = Debug|Any CPU
		{85D83C22-F56D-4601-88E8-101DF42A4816}.Debug|x64.ActiveCfg = Debug|Any CPU
		{85D83C22-F56D-4601-88E8-101DF42A4816}.Debug|x64.Build.0 = Debug|Any CPU
		{85D83C22-F56D-4601-88E8-101DF42A4816}.Debug|x86.ActiveCfg = Debug|Any CPU
		{85D83C22-F56D-4601-88E8-101DF42A4816}.Debug|x86.Build.0 = Debug|Any CPU
		{85D83C22-F56D-4601-88E8-101DF42A4816}.Release|Any CPU.ActiveCfg = Release|Any CPU
		{85D83C22-F56D-4601-88E8-101DF42A4816}.Release|Any CPU.Build.0 = Release|Any CPU
		{85D83C22-F56D-4601-88E8-101DF42A4816}.Release|ARM.ActiveCfg = Release|Any CPU
		{85D83C22-F56D-4601-88E8-101DF42A4816}.Release|ARM.Build.0 = Release|Any CPU
		{85D83C22-F56D-4601-88E8-101DF42A4816}.Release|ARM64.ActiveCfg = Release|Any CPU
		{85D83C22-F56D-4601-88E8-101DF42A4816}.Release|ARM64.Build.0 = Release|Any CPU
		{85D83C22-F56D-4601-88E8-101DF42A4816}.Release|x64.ActiveCfg = Release|Any CPU
		{85D83C22-F56D-4601-88E8-101DF42A4816}.Release|x64.Build.0 = Release|Any CPU
		{85D83C22-F56D-4601-88E8-101DF42A4816}.Release|x86.ActiveCfg = Release|Any CPU
		{85D83C22-F56D-4601-88E8-101DF42A4816}.Release|x86.Build.0 = Release|Any CPU
		{85D83C22-F56D-4601-88E8-101DF42A4816}.ReleaseAvalonia|Any CPU.ActiveCfg = Release|Any CPU
		{85D83C22-F56D-4601-88E8-101DF42A4816}.ReleaseAvalonia|Any CPU.Build.0 = Release|Any CPU
		{85D83C22-F56D-4601-88E8-101DF42A4816}.ReleaseAvalonia|ARM.ActiveCfg = Release|Any CPU
		{85D83C22-F56D-4601-88E8-101DF42A4816}.ReleaseAvalonia|ARM.Build.0 = Release|Any CPU
		{85D83C22-F56D-4601-88E8-101DF42A4816}.ReleaseAvalonia|ARM64.ActiveCfg = Release|Any CPU
		{85D83C22-F56D-4601-88E8-101DF42A4816}.ReleaseAvalonia|ARM64.Build.0 = Release|Any CPU
		{85D83C22-F56D-4601-88E8-101DF42A4816}.ReleaseAvalonia|x64.ActiveCfg = Release|Any CPU
		{85D83C22-F56D-4601-88E8-101DF42A4816}.ReleaseAvalonia|x64.Build.0 = Release|Any CPU
		{85D83C22-F56D-4601-88E8-101DF42A4816}.ReleaseAvalonia|x86.ActiveCfg = Release|Any CPU
		{85D83C22-F56D-4601-88E8-101DF42A4816}.ReleaseAvalonia|x86.Build.0 = Release|Any CPU
		{85D83C22-F56D-4601-88E8-101DF42A4816}.ReleaseAvaloniaRemoteDebugSupport|Any CPU.ActiveCfg = Release|Any CPU
		{85D83C22-F56D-4601-88E8-101DF42A4816}.ReleaseAvaloniaRemoteDebugSupport|Any CPU.Build.0 = Release|Any CPU
		{85D83C22-F56D-4601-88E8-101DF42A4816}.ReleaseAvaloniaRemoteDebugSupport|ARM.ActiveCfg = Release|Any CPU
		{85D83C22-F56D-4601-88E8-101DF42A4816}.ReleaseAvaloniaRemoteDebugSupport|ARM.Build.0 = Release|Any CPU
		{85D83C22-F56D-4601-88E8-101DF42A4816}.ReleaseAvaloniaRemoteDebugSupport|ARM64.ActiveCfg = Release|Any CPU
		{85D83C22-F56D-4601-88E8-101DF42A4816}.ReleaseAvaloniaRemoteDebugSupport|ARM64.Build.0 = Release|Any CPU
		{85D83C22-F56D-4601-88E8-101DF42A4816}.ReleaseAvaloniaRemoteDebugSupport|x64.ActiveCfg = Release|Any CPU
		{85D83C22-F56D-4601-88E8-101DF42A4816}.ReleaseAvaloniaRemoteDebugSupport|x64.Build.0 = Release|Any CPU
		{85D83C22-F56D-4601-88E8-101DF42A4816}.ReleaseAvaloniaRemoteDebugSupport|x86.ActiveCfg = Release|Any CPU
		{85D83C22-F56D-4601-88E8-101DF42A4816}.ReleaseAvaloniaRemoteDebugSupport|x86.Build.0 = Release|Any CPU
		{85D83C22-F56D-4601-88E8-101DF42A4816}.ReleaseWPF|Any CPU.ActiveCfg = Release|Any CPU
		{85D83C22-F56D-4601-88E8-101DF42A4816}.ReleaseWPF|Any CPU.Build.0 = Release|Any CPU
		{85D83C22-F56D-4601-88E8-101DF42A4816}.ReleaseWPF|ARM.ActiveCfg = Release|Any CPU
		{85D83C22-F56D-4601-88E8-101DF42A4816}.ReleaseWPF|ARM.Build.0 = Release|Any CPU
		{85D83C22-F56D-4601-88E8-101DF42A4816}.ReleaseWPF|ARM64.ActiveCfg = Release|Any CPU
		{85D83C22-F56D-4601-88E8-101DF42A4816}.ReleaseWPF|ARM64.Build.0 = Release|Any CPU
		{85D83C22-F56D-4601-88E8-101DF42A4816}.ReleaseWPF|x64.ActiveCfg = Release|Any CPU
		{85D83C22-F56D-4601-88E8-101DF42A4816}.ReleaseWPF|x64.Build.0 = Release|Any CPU
		{85D83C22-F56D-4601-88E8-101DF42A4816}.ReleaseWPF|x86.ActiveCfg = Release|Any CPU
		{85D83C22-F56D-4601-88E8-101DF42A4816}.ReleaseWPF|x86.Build.0 = Release|Any CPU
		{D080C6C2-BCEE-4CBB-83B6-A09A1AAD97EB}.Debug|Any CPU.ActiveCfg = Debug|x64
		{D080C6C2-BCEE-4CBB-83B6-A09A1AAD97EB}.Debug|Any CPU.Build.0 = Debug|x64
		{D080C6C2-BCEE-4CBB-83B6-A09A1AAD97EB}.Debug|ARM.ActiveCfg = Debug|x64
		{D080C6C2-BCEE-4CBB-83B6-A09A1AAD97EB}.Debug|ARM.Build.0 = Debug|x64
		{D080C6C2-BCEE-4CBB-83B6-A09A1AAD97EB}.Debug|ARM64.ActiveCfg = Debug|ARM64
		{D080C6C2-BCEE-4CBB-83B6-A09A1AAD97EB}.Debug|ARM64.Build.0 = Debug|ARM64
		{D080C6C2-BCEE-4CBB-83B6-A09A1AAD97EB}.Debug|x64.ActiveCfg = Debug|x64
		{D080C6C2-BCEE-4CBB-83B6-A09A1AAD97EB}.Debug|x64.Build.0 = Debug|x64
		{D080C6C2-BCEE-4CBB-83B6-A09A1AAD97EB}.Debug|x86.ActiveCfg = Debug|x64
		{D080C6C2-BCEE-4CBB-83B6-A09A1AAD97EB}.Debug|x86.Build.0 = Debug|x64
		{D080C6C2-BCEE-4CBB-83B6-A09A1AAD97EB}.Release|Any CPU.ActiveCfg = Release|x64
		{D080C6C2-BCEE-4CBB-83B6-A09A1AAD97EB}.Release|Any CPU.Build.0 = Release|x64
		{D080C6C2-BCEE-4CBB-83B6-A09A1AAD97EB}.Release|ARM.ActiveCfg = Release|x64
		{D080C6C2-BCEE-4CBB-83B6-A09A1AAD97EB}.Release|ARM.Build.0 = Release|x64
		{D080C6C2-BCEE-4CBB-83B6-A09A1AAD97EB}.Release|ARM64.ActiveCfg = Release|ARM64
		{D080C6C2-BCEE-4CBB-83B6-A09A1AAD97EB}.Release|ARM64.Build.0 = Release|ARM64
		{D080C6C2-BCEE-4CBB-83B6-A09A1AAD97EB}.Release|x64.ActiveCfg = Release|x64
		{D080C6C2-BCEE-4CBB-83B6-A09A1AAD97EB}.Release|x64.Build.0 = Release|x64
		{D080C6C2-BCEE-4CBB-83B6-A09A1AAD97EB}.Release|x86.ActiveCfg = Release|x64
		{D080C6C2-BCEE-4CBB-83B6-A09A1AAD97EB}.Release|x86.Build.0 = Release|x64
		{D080C6C2-BCEE-4CBB-83B6-A09A1AAD97EB}.ReleaseAvalonia|Any CPU.ActiveCfg = ReleaseAvalonia|x64
		{D080C6C2-BCEE-4CBB-83B6-A09A1AAD97EB}.ReleaseAvalonia|Any CPU.Build.0 = ReleaseAvalonia|x64
		{D080C6C2-BCEE-4CBB-83B6-A09A1AAD97EB}.ReleaseAvalonia|ARM.ActiveCfg = ReleaseAvalonia|x64
		{D080C6C2-BCEE-4CBB-83B6-A09A1AAD97EB}.ReleaseAvalonia|ARM.Build.0 = ReleaseAvalonia|x64
		{D080C6C2-BCEE-4CBB-83B6-A09A1AAD97EB}.ReleaseAvalonia|ARM64.ActiveCfg = ReleaseAvalonia|ARM64
		{D080C6C2-BCEE-4CBB-83B6-A09A1AAD97EB}.ReleaseAvalonia|ARM64.Build.0 = ReleaseAvalonia|ARM64
		{D080C6C2-BCEE-4CBB-83B6-A09A1AAD97EB}.ReleaseAvalonia|x64.ActiveCfg = ReleaseAvalonia|x64
		{D080C6C2-BCEE-4CBB-83B6-A09A1AAD97EB}.ReleaseAvalonia|x64.Build.0 = ReleaseAvalonia|x64
		{D080C6C2-BCEE-4CBB-83B6-A09A1AAD97EB}.ReleaseAvalonia|x86.ActiveCfg = ReleaseAvalonia|x64
		{D080C6C2-BCEE-4CBB-83B6-A09A1AAD97EB}.ReleaseAvalonia|x86.Build.0 = ReleaseAvalonia|x64
		{D080C6C2-BCEE-4CBB-83B6-A09A1AAD97EB}.ReleaseAvaloniaRemoteDebugSupport|Any CPU.ActiveCfg = ReleaseAvaloniaRemoteDebugSupport|x64
		{D080C6C2-BCEE-4CBB-83B6-A09A1AAD97EB}.ReleaseAvaloniaRemoteDebugSupport|Any CPU.Build.0 = ReleaseAvaloniaRemoteDebugSupport|x64
		{D080C6C2-BCEE-4CBB-83B6-A09A1AAD97EB}.ReleaseAvaloniaRemoteDebugSupport|ARM.ActiveCfg = ReleaseAvaloniaRemoteDebugSupport|x64
		{D080C6C2-BCEE-4CBB-83B6-A09A1AAD97EB}.ReleaseAvaloniaRemoteDebugSupport|ARM.Build.0 = ReleaseAvaloniaRemoteDebugSupport|x64
		{D080C6C2-BCEE-4CBB-83B6-A09A1AAD97EB}.ReleaseAvaloniaRemoteDebugSupport|ARM64.ActiveCfg = ReleaseAvaloniaRemoteDebugSupport|ARM64
		{D080C6C2-BCEE-4CBB-83B6-A09A1AAD97EB}.ReleaseAvaloniaRemoteDebugSupport|ARM64.Build.0 = ReleaseAvaloniaRemoteDebugSupport|ARM64
		{D080C6C2-BCEE-4CBB-83B6-A09A1AAD97EB}.ReleaseAvaloniaRemoteDebugSupport|x64.ActiveCfg = ReleaseAvaloniaRemoteDebugSupport|x64
		{D080C6C2-BCEE-4CBB-83B6-A09A1AAD97EB}.ReleaseAvaloniaRemoteDebugSupport|x64.Build.0 = ReleaseAvaloniaRemoteDebugSupport|x64
		{D080C6C2-BCEE-4CBB-83B6-A09A1AAD97EB}.ReleaseAvaloniaRemoteDebugSupport|x86.ActiveCfg = ReleaseAvaloniaRemoteDebugSupport|x64
		{D080C6C2-BCEE-4CBB-83B6-A09A1AAD97EB}.ReleaseAvaloniaRemoteDebugSupport|x86.Build.0 = ReleaseAvaloniaRemoteDebugSupport|x64
		{D080C6C2-BCEE-4CBB-83B6-A09A1AAD97EB}.ReleaseWPF|Any CPU.ActiveCfg = ReleaseWPF|x64
		{D080C6C2-BCEE-4CBB-83B6-A09A1AAD97EB}.ReleaseWPF|Any CPU.Build.0 = ReleaseWPF|x64
		{D080C6C2-BCEE-4CBB-83B6-A09A1AAD97EB}.ReleaseWPF|ARM.ActiveCfg = ReleaseWPF|x64
		{D080C6C2-BCEE-4CBB-83B6-A09A1AAD97EB}.ReleaseWPF|ARM.Build.0 = ReleaseWPF|x64
		{D080C6C2-BCEE-4CBB-83B6-A09A1AAD97EB}.ReleaseWPF|ARM64.ActiveCfg = ReleaseWPF|ARM64
		{D080C6C2-BCEE-4CBB-83B6-A09A1AAD97EB}.ReleaseWPF|ARM64.Build.0 = ReleaseWPF|ARM64
		{D080C6C2-BCEE-4CBB-83B6-A09A1AAD97EB}.ReleaseWPF|x64.ActiveCfg = ReleaseWPF|x64
		{D080C6C2-BCEE-4CBB-83B6-A09A1AAD97EB}.ReleaseWPF|x64.Build.0 = ReleaseWPF|x64
		{D080C6C2-BCEE-4CBB-83B6-A09A1AAD97EB}.ReleaseWPF|x86.ActiveCfg = ReleaseWPF|x64
		{D080C6C2-BCEE-4CBB-83B6-A09A1AAD97EB}.ReleaseWPF|x86.Build.0 = ReleaseWPF|x64
		{29188FF6-B712-4136-86EC-6A2D6F0297CC}.Debug|Any CPU.ActiveCfg = Debug|Any CPU
		{29188FF6-B712-4136-86EC-6A2D6F0297CC}.Debug|Any CPU.Build.0 = Debug|Any CPU
		{29188FF6-B712-4136-86EC-6A2D6F0297CC}.Debug|ARM.ActiveCfg = Debug|Any CPU
		{29188FF6-B712-4136-86EC-6A2D6F0297CC}.Debug|ARM.Build.0 = Debug|Any CPU
		{29188FF6-B712-4136-86EC-6A2D6F0297CC}.Debug|ARM64.ActiveCfg = Debug|Any CPU
		{29188FF6-B712-4136-86EC-6A2D6F0297CC}.Debug|ARM64.Build.0 = Debug|Any CPU
		{29188FF6-B712-4136-86EC-6A2D6F0297CC}.Debug|x64.ActiveCfg = Debug|Any CPU
		{29188FF6-B712-4136-86EC-6A2D6F0297CC}.Debug|x64.Build.0 = Debug|Any CPU
		{29188FF6-B712-4136-86EC-6A2D6F0297CC}.Debug|x86.ActiveCfg = Debug|Any CPU
		{29188FF6-B712-4136-86EC-6A2D6F0297CC}.Debug|x86.Build.0 = Debug|Any CPU
		{29188FF6-B712-4136-86EC-6A2D6F0297CC}.Release|Any CPU.ActiveCfg = Release|Any CPU
		{29188FF6-B712-4136-86EC-6A2D6F0297CC}.Release|Any CPU.Build.0 = Release|Any CPU
		{29188FF6-B712-4136-86EC-6A2D6F0297CC}.Release|ARM.ActiveCfg = Release|Any CPU
		{29188FF6-B712-4136-86EC-6A2D6F0297CC}.Release|ARM.Build.0 = Release|Any CPU
		{29188FF6-B712-4136-86EC-6A2D6F0297CC}.Release|ARM64.ActiveCfg = Release|Any CPU
		{29188FF6-B712-4136-86EC-6A2D6F0297CC}.Release|ARM64.Build.0 = Release|Any CPU
		{29188FF6-B712-4136-86EC-6A2D6F0297CC}.Release|x64.ActiveCfg = Release|Any CPU
		{29188FF6-B712-4136-86EC-6A2D6F0297CC}.Release|x64.Build.0 = Release|Any CPU
		{29188FF6-B712-4136-86EC-6A2D6F0297CC}.Release|x86.ActiveCfg = Release|Any CPU
		{29188FF6-B712-4136-86EC-6A2D6F0297CC}.Release|x86.Build.0 = Release|Any CPU
		{29188FF6-B712-4136-86EC-6A2D6F0297CC}.ReleaseAvalonia|Any CPU.ActiveCfg = Release|Any CPU
		{29188FF6-B712-4136-86EC-6A2D6F0297CC}.ReleaseAvalonia|Any CPU.Build.0 = Release|Any CPU
		{29188FF6-B712-4136-86EC-6A2D6F0297CC}.ReleaseAvalonia|ARM.ActiveCfg = Release|Any CPU
		{29188FF6-B712-4136-86EC-6A2D6F0297CC}.ReleaseAvalonia|ARM.Build.0 = Release|Any CPU
		{29188FF6-B712-4136-86EC-6A2D6F0297CC}.ReleaseAvalonia|ARM64.ActiveCfg = Release|Any CPU
		{29188FF6-B712-4136-86EC-6A2D6F0297CC}.ReleaseAvalonia|ARM64.Build.0 = Release|Any CPU
		{29188FF6-B712-4136-86EC-6A2D6F0297CC}.ReleaseAvalonia|x64.ActiveCfg = Release|Any CPU
		{29188FF6-B712-4136-86EC-6A2D6F0297CC}.ReleaseAvalonia|x64.Build.0 = Release|Any CPU
		{29188FF6-B712-4136-86EC-6A2D6F0297CC}.ReleaseAvalonia|x86.ActiveCfg = Release|Any CPU
		{29188FF6-B712-4136-86EC-6A2D6F0297CC}.ReleaseAvalonia|x86.Build.0 = Release|Any CPU
		{29188FF6-B712-4136-86EC-6A2D6F0297CC}.ReleaseAvaloniaRemoteDebugSupport|Any CPU.ActiveCfg = Release|Any CPU
		{29188FF6-B712-4136-86EC-6A2D6F0297CC}.ReleaseAvaloniaRemoteDebugSupport|Any CPU.Build.0 = Release|Any CPU
		{29188FF6-B712-4136-86EC-6A2D6F0297CC}.ReleaseAvaloniaRemoteDebugSupport|ARM.ActiveCfg = Release|Any CPU
		{29188FF6-B712-4136-86EC-6A2D6F0297CC}.ReleaseAvaloniaRemoteDebugSupport|ARM.Build.0 = Release|Any CPU
		{29188FF6-B712-4136-86EC-6A2D6F0297CC}.ReleaseAvaloniaRemoteDebugSupport|ARM64.ActiveCfg = Release|Any CPU
		{29188FF6-B712-4136-86EC-6A2D6F0297CC}.ReleaseAvaloniaRemoteDebugSupport|ARM64.Build.0 = Release|Any CPU
		{29188FF6-B712-4136-86EC-6A2D6F0297CC}.ReleaseAvaloniaRemoteDebugSupport|x64.ActiveCfg = Release|Any CPU
		{29188FF6-B712-4136-86EC-6A2D6F0297CC}.ReleaseAvaloniaRemoteDebugSupport|x64.Build.0 = Release|Any CPU
		{29188FF6-B712-4136-86EC-6A2D6F0297CC}.ReleaseAvaloniaRemoteDebugSupport|x86.ActiveCfg = Release|Any CPU
		{29188FF6-B712-4136-86EC-6A2D6F0297CC}.ReleaseAvaloniaRemoteDebugSupport|x86.Build.0 = Release|Any CPU
		{29188FF6-B712-4136-86EC-6A2D6F0297CC}.ReleaseWPF|Any CPU.ActiveCfg = Release|Any CPU
		{29188FF6-B712-4136-86EC-6A2D6F0297CC}.ReleaseWPF|Any CPU.Build.0 = Release|Any CPU
		{29188FF6-B712-4136-86EC-6A2D6F0297CC}.ReleaseWPF|ARM.ActiveCfg = Release|Any CPU
		{29188FF6-B712-4136-86EC-6A2D6F0297CC}.ReleaseWPF|ARM.Build.0 = Release|Any CPU
		{29188FF6-B712-4136-86EC-6A2D6F0297CC}.ReleaseWPF|ARM64.ActiveCfg = Release|Any CPU
		{29188FF6-B712-4136-86EC-6A2D6F0297CC}.ReleaseWPF|ARM64.Build.0 = Release|Any CPU
		{29188FF6-B712-4136-86EC-6A2D6F0297CC}.ReleaseWPF|x64.ActiveCfg = Release|Any CPU
		{29188FF6-B712-4136-86EC-6A2D6F0297CC}.ReleaseWPF|x64.Build.0 = Release|Any CPU
		{29188FF6-B712-4136-86EC-6A2D6F0297CC}.ReleaseWPF|x86.ActiveCfg = Release|Any CPU
		{29188FF6-B712-4136-86EC-6A2D6F0297CC}.ReleaseWPF|x86.Build.0 = Release|Any CPU
		{35C7A0E0-F736-4AAB-B298-294B0185C22E}.Debug|Any CPU.ActiveCfg = Debug|Any CPU
		{35C7A0E0-F736-4AAB-B298-294B0185C22E}.Debug|Any CPU.Build.0 = Debug|Any CPU
		{35C7A0E0-F736-4AAB-B298-294B0185C22E}.Debug|ARM.ActiveCfg = Debug|Any CPU
		{35C7A0E0-F736-4AAB-B298-294B0185C22E}.Debug|ARM.Build.0 = Debug|Any CPU
		{35C7A0E0-F736-4AAB-B298-294B0185C22E}.Debug|ARM64.ActiveCfg = Debug|Any CPU
		{35C7A0E0-F736-4AAB-B298-294B0185C22E}.Debug|ARM64.Build.0 = Debug|Any CPU
		{35C7A0E0-F736-4AAB-B298-294B0185C22E}.Debug|x64.ActiveCfg = Debug|Any CPU
		{35C7A0E0-F736-4AAB-B298-294B0185C22E}.Debug|x64.Build.0 = Debug|Any CPU
		{35C7A0E0-F736-4AAB-B298-294B0185C22E}.Debug|x86.ActiveCfg = Debug|Any CPU
		{35C7A0E0-F736-4AAB-B298-294B0185C22E}.Debug|x86.Build.0 = Debug|Any CPU
		{35C7A0E0-F736-4AAB-B298-294B0185C22E}.Release|Any CPU.ActiveCfg = Release|Any CPU
		{35C7A0E0-F736-4AAB-B298-294B0185C22E}.Release|Any CPU.Build.0 = Release|Any CPU
		{35C7A0E0-F736-4AAB-B298-294B0185C22E}.Release|ARM.ActiveCfg = Release|Any CPU
		{35C7A0E0-F736-4AAB-B298-294B0185C22E}.Release|ARM.Build.0 = Release|Any CPU
		{35C7A0E0-F736-4AAB-B298-294B0185C22E}.Release|ARM64.ActiveCfg = Release|Any CPU
		{35C7A0E0-F736-4AAB-B298-294B0185C22E}.Release|ARM64.Build.0 = Release|Any CPU
		{35C7A0E0-F736-4AAB-B298-294B0185C22E}.Release|x64.ActiveCfg = Release|Any CPU
		{35C7A0E0-F736-4AAB-B298-294B0185C22E}.Release|x64.Build.0 = Release|Any CPU
		{35C7A0E0-F736-4AAB-B298-294B0185C22E}.Release|x86.ActiveCfg = Release|Any CPU
		{35C7A0E0-F736-4AAB-B298-294B0185C22E}.Release|x86.Build.0 = Release|Any CPU
		{35C7A0E0-F736-4AAB-B298-294B0185C22E}.ReleaseAvalonia|Any CPU.ActiveCfg = Release|Any CPU
		{35C7A0E0-F736-4AAB-B298-294B0185C22E}.ReleaseAvalonia|Any CPU.Build.0 = Release|Any CPU
		{35C7A0E0-F736-4AAB-B298-294B0185C22E}.ReleaseAvalonia|ARM.ActiveCfg = Release|Any CPU
		{35C7A0E0-F736-4AAB-B298-294B0185C22E}.ReleaseAvalonia|ARM.Build.0 = Release|Any CPU
		{35C7A0E0-F736-4AAB-B298-294B0185C22E}.ReleaseAvalonia|ARM64.ActiveCfg = Release|Any CPU
		{35C7A0E0-F736-4AAB-B298-294B0185C22E}.ReleaseAvalonia|ARM64.Build.0 = Release|Any CPU
		{35C7A0E0-F736-4AAB-B298-294B0185C22E}.ReleaseAvalonia|x64.ActiveCfg = Release|Any CPU
		{35C7A0E0-F736-4AAB-B298-294B0185C22E}.ReleaseAvalonia|x64.Build.0 = Release|Any CPU
		{35C7A0E0-F736-4AAB-B298-294B0185C22E}.ReleaseAvalonia|x86.ActiveCfg = Release|Any CPU
		{35C7A0E0-F736-4AAB-B298-294B0185C22E}.ReleaseAvalonia|x86.Build.0 = Release|Any CPU
		{35C7A0E0-F736-4AAB-B298-294B0185C22E}.ReleaseAvaloniaRemoteDebugSupport|Any CPU.ActiveCfg = Release|Any CPU
		{35C7A0E0-F736-4AAB-B298-294B0185C22E}.ReleaseAvaloniaRemoteDebugSupport|Any CPU.Build.0 = Release|Any CPU
		{35C7A0E0-F736-4AAB-B298-294B0185C22E}.ReleaseAvaloniaRemoteDebugSupport|ARM.ActiveCfg = Release|Any CPU
		{35C7A0E0-F736-4AAB-B298-294B0185C22E}.ReleaseAvaloniaRemoteDebugSupport|ARM.Build.0 = Release|Any CPU
		{35C7A0E0-F736-4AAB-B298-294B0185C22E}.ReleaseAvaloniaRemoteDebugSupport|ARM64.ActiveCfg = Release|Any CPU
		{35C7A0E0-F736-4AAB-B298-294B0185C22E}.ReleaseAvaloniaRemoteDebugSupport|ARM64.Build.0 = Release|Any CPU
		{35C7A0E0-F736-4AAB-B298-294B0185C22E}.ReleaseAvaloniaRemoteDebugSupport|x64.ActiveCfg = Release|Any CPU
		{35C7A0E0-F736-4AAB-B298-294B0185C22E}.ReleaseAvaloniaRemoteDebugSupport|x64.Build.0 = Release|Any CPU
		{35C7A0E0-F736-4AAB-B298-294B0185C22E}.ReleaseAvaloniaRemoteDebugSupport|x86.ActiveCfg = Release|Any CPU
		{35C7A0E0-F736-4AAB-B298-294B0185C22E}.ReleaseAvaloniaRemoteDebugSupport|x86.Build.0 = Release|Any CPU
		{35C7A0E0-F736-4AAB-B298-294B0185C22E}.ReleaseWPF|Any CPU.ActiveCfg = Release|Any CPU
		{35C7A0E0-F736-4AAB-B298-294B0185C22E}.ReleaseWPF|Any CPU.Build.0 = Release|Any CPU
		{35C7A0E0-F736-4AAB-B298-294B0185C22E}.ReleaseWPF|ARM.ActiveCfg = Release|Any CPU
		{35C7A0E0-F736-4AAB-B298-294B0185C22E}.ReleaseWPF|ARM.Build.0 = Release|Any CPU
		{35C7A0E0-F736-4AAB-B298-294B0185C22E}.ReleaseWPF|ARM64.ActiveCfg = Release|Any CPU
		{35C7A0E0-F736-4AAB-B298-294B0185C22E}.ReleaseWPF|ARM64.Build.0 = Release|Any CPU
		{35C7A0E0-F736-4AAB-B298-294B0185C22E}.ReleaseWPF|x64.ActiveCfg = Release|Any CPU
		{35C7A0E0-F736-4AAB-B298-294B0185C22E}.ReleaseWPF|x64.Build.0 = Release|Any CPU
		{35C7A0E0-F736-4AAB-B298-294B0185C22E}.ReleaseWPF|x86.ActiveCfg = Release|Any CPU
		{35C7A0E0-F736-4AAB-B298-294B0185C22E}.ReleaseWPF|x86.Build.0 = Release|Any CPU
		{692B6963-FB59-4442-B55B-1300B1D8BC43}.Debug|Any CPU.ActiveCfg = Debug|Any CPU
		{692B6963-FB59-4442-B55B-1300B1D8BC43}.Debug|Any CPU.Build.0 = Debug|Any CPU
		{692B6963-FB59-4442-B55B-1300B1D8BC43}.Debug|ARM.ActiveCfg = Debug|Any CPU
		{692B6963-FB59-4442-B55B-1300B1D8BC43}.Debug|ARM.Build.0 = Debug|Any CPU
		{692B6963-FB59-4442-B55B-1300B1D8BC43}.Debug|ARM64.ActiveCfg = Debug|Any CPU
		{692B6963-FB59-4442-B55B-1300B1D8BC43}.Debug|ARM64.Build.0 = Debug|Any CPU
		{692B6963-FB59-4442-B55B-1300B1D8BC43}.Debug|x64.ActiveCfg = Debug|Any CPU
		{692B6963-FB59-4442-B55B-1300B1D8BC43}.Debug|x64.Build.0 = Debug|Any CPU
		{692B6963-FB59-4442-B55B-1300B1D8BC43}.Debug|x86.ActiveCfg = Debug|Any CPU
		{692B6963-FB59-4442-B55B-1300B1D8BC43}.Debug|x86.Build.0 = Debug|Any CPU
		{692B6963-FB59-4442-B55B-1300B1D8BC43}.Release|Any CPU.ActiveCfg = Release|Any CPU
		{692B6963-FB59-4442-B55B-1300B1D8BC43}.Release|Any CPU.Build.0 = Release|Any CPU
		{692B6963-FB59-4442-B55B-1300B1D8BC43}.Release|ARM.ActiveCfg = Release|Any CPU
		{692B6963-FB59-4442-B55B-1300B1D8BC43}.Release|ARM.Build.0 = Release|Any CPU
		{692B6963-FB59-4442-B55B-1300B1D8BC43}.Release|ARM64.ActiveCfg = Release|Any CPU
		{692B6963-FB59-4442-B55B-1300B1D8BC43}.Release|ARM64.Build.0 = Release|Any CPU
		{692B6963-FB59-4442-B55B-1300B1D8BC43}.Release|x64.ActiveCfg = Release|Any CPU
		{692B6963-FB59-4442-B55B-1300B1D8BC43}.Release|x64.Build.0 = Release|Any CPU
		{692B6963-FB59-4442-B55B-1300B1D8BC43}.Release|x86.ActiveCfg = Release|Any CPU
		{692B6963-FB59-4442-B55B-1300B1D8BC43}.Release|x86.Build.0 = Release|Any CPU
		{692B6963-FB59-4442-B55B-1300B1D8BC43}.ReleaseAvalonia|Any CPU.ActiveCfg = Release|Any CPU
		{692B6963-FB59-4442-B55B-1300B1D8BC43}.ReleaseAvalonia|Any CPU.Build.0 = Release|Any CPU
		{692B6963-FB59-4442-B55B-1300B1D8BC43}.ReleaseAvalonia|ARM.ActiveCfg = Release|Any CPU
		{692B6963-FB59-4442-B55B-1300B1D8BC43}.ReleaseAvalonia|ARM.Build.0 = Release|Any CPU
		{692B6963-FB59-4442-B55B-1300B1D8BC43}.ReleaseAvalonia|ARM64.ActiveCfg = Release|Any CPU
		{692B6963-FB59-4442-B55B-1300B1D8BC43}.ReleaseAvalonia|ARM64.Build.0 = Release|Any CPU
		{692B6963-FB59-4442-B55B-1300B1D8BC43}.ReleaseAvalonia|x64.ActiveCfg = Release|Any CPU
		{692B6963-FB59-4442-B55B-1300B1D8BC43}.ReleaseAvalonia|x64.Build.0 = Release|Any CPU
		{692B6963-FB59-4442-B55B-1300B1D8BC43}.ReleaseAvalonia|x86.ActiveCfg = Release|Any CPU
		{692B6963-FB59-4442-B55B-1300B1D8BC43}.ReleaseAvalonia|x86.Build.0 = Release|Any CPU
		{692B6963-FB59-4442-B55B-1300B1D8BC43}.ReleaseAvaloniaRemoteDebugSupport|Any CPU.ActiveCfg = Release|Any CPU
		{692B6963-FB59-4442-B55B-1300B1D8BC43}.ReleaseAvaloniaRemoteDebugSupport|Any CPU.Build.0 = Release|Any CPU
		{692B6963-FB59-4442-B55B-1300B1D8BC43}.ReleaseAvaloniaRemoteDebugSupport|ARM.ActiveCfg = Release|Any CPU
		{692B6963-FB59-4442-B55B-1300B1D8BC43}.ReleaseAvaloniaRemoteDebugSupport|ARM.Build.0 = Release|Any CPU
		{692B6963-FB59-4442-B55B-1300B1D8BC43}.ReleaseAvaloniaRemoteDebugSupport|ARM64.ActiveCfg = Release|Any CPU
		{692B6963-FB59-4442-B55B-1300B1D8BC43}.ReleaseAvaloniaRemoteDebugSupport|ARM64.Build.0 = Release|Any CPU
		{692B6963-FB59-4442-B55B-1300B1D8BC43}.ReleaseAvaloniaRemoteDebugSupport|x64.ActiveCfg = Release|Any CPU
		{692B6963-FB59-4442-B55B-1300B1D8BC43}.ReleaseAvaloniaRemoteDebugSupport|x64.Build.0 = Release|Any CPU
		{692B6963-FB59-4442-B55B-1300B1D8BC43}.ReleaseAvaloniaRemoteDebugSupport|x86.ActiveCfg = Release|Any CPU
		{692B6963-FB59-4442-B55B-1300B1D8BC43}.ReleaseAvaloniaRemoteDebugSupport|x86.Build.0 = Release|Any CPU
		{692B6963-FB59-4442-B55B-1300B1D8BC43}.ReleaseWPF|Any CPU.ActiveCfg = Release|Any CPU
		{692B6963-FB59-4442-B55B-1300B1D8BC43}.ReleaseWPF|Any CPU.Build.0 = Release|Any CPU
		{692B6963-FB59-4442-B55B-1300B1D8BC43}.ReleaseWPF|ARM.ActiveCfg = Release|Any CPU
		{692B6963-FB59-4442-B55B-1300B1D8BC43}.ReleaseWPF|ARM.Build.0 = Release|Any CPU
		{692B6963-FB59-4442-B55B-1300B1D8BC43}.ReleaseWPF|ARM64.ActiveCfg = Release|Any CPU
		{692B6963-FB59-4442-B55B-1300B1D8BC43}.ReleaseWPF|ARM64.Build.0 = Release|Any CPU
		{692B6963-FB59-4442-B55B-1300B1D8BC43}.ReleaseWPF|x64.ActiveCfg = Release|Any CPU
		{692B6963-FB59-4442-B55B-1300B1D8BC43}.ReleaseWPF|x64.Build.0 = Release|Any CPU
		{692B6963-FB59-4442-B55B-1300B1D8BC43}.ReleaseWPF|x86.ActiveCfg = Release|Any CPU
		{692B6963-FB59-4442-B55B-1300B1D8BC43}.ReleaseWPF|x86.Build.0 = Release|Any CPU
		{98887716-D54E-4B2F-ADA1-37F87DEA1B8A}.Debug|Any CPU.ActiveCfg = Debug|Any CPU
		{98887716-D54E-4B2F-ADA1-37F87DEA1B8A}.Debug|Any CPU.Build.0 = Debug|Any CPU
		{98887716-D54E-4B2F-ADA1-37F87DEA1B8A}.Debug|ARM.ActiveCfg = Debug|Any CPU
		{98887716-D54E-4B2F-ADA1-37F87DEA1B8A}.Debug|ARM.Build.0 = Debug|Any CPU
		{98887716-D54E-4B2F-ADA1-37F87DEA1B8A}.Debug|ARM64.ActiveCfg = Debug|Any CPU
		{98887716-D54E-4B2F-ADA1-37F87DEA1B8A}.Debug|ARM64.Build.0 = Debug|Any CPU
		{98887716-D54E-4B2F-ADA1-37F87DEA1B8A}.Debug|x64.ActiveCfg = Debug|Any CPU
		{98887716-D54E-4B2F-ADA1-37F87DEA1B8A}.Debug|x64.Build.0 = Debug|Any CPU
		{98887716-D54E-4B2F-ADA1-37F87DEA1B8A}.Debug|x86.ActiveCfg = Debug|Any CPU
		{98887716-D54E-4B2F-ADA1-37F87DEA1B8A}.Debug|x86.Build.0 = Debug|Any CPU
		{98887716-D54E-4B2F-ADA1-37F87DEA1B8A}.Release|Any CPU.ActiveCfg = Release|Any CPU
		{98887716-D54E-4B2F-ADA1-37F87DEA1B8A}.Release|Any CPU.Build.0 = Release|Any CPU
		{98887716-D54E-4B2F-ADA1-37F87DEA1B8A}.Release|ARM.ActiveCfg = Release|Any CPU
		{98887716-D54E-4B2F-ADA1-37F87DEA1B8A}.Release|ARM.Build.0 = Release|Any CPU
		{98887716-D54E-4B2F-ADA1-37F87DEA1B8A}.Release|ARM64.ActiveCfg = Release|Any CPU
		{98887716-D54E-4B2F-ADA1-37F87DEA1B8A}.Release|ARM64.Build.0 = Release|Any CPU
		{98887716-D54E-4B2F-ADA1-37F87DEA1B8A}.Release|x64.ActiveCfg = Release|Any CPU
		{98887716-D54E-4B2F-ADA1-37F87DEA1B8A}.Release|x64.Build.0 = Release|Any CPU
		{98887716-D54E-4B2F-ADA1-37F87DEA1B8A}.Release|x86.ActiveCfg = Release|Any CPU
		{98887716-D54E-4B2F-ADA1-37F87DEA1B8A}.Release|x86.Build.0 = Release|Any CPU
		{98887716-D54E-4B2F-ADA1-37F87DEA1B8A}.ReleaseAvalonia|Any CPU.ActiveCfg = Release|Any CPU
		{98887716-D54E-4B2F-ADA1-37F87DEA1B8A}.ReleaseAvalonia|Any CPU.Build.0 = Release|Any CPU
		{98887716-D54E-4B2F-ADA1-37F87DEA1B8A}.ReleaseAvalonia|ARM.ActiveCfg = Release|Any CPU
		{98887716-D54E-4B2F-ADA1-37F87DEA1B8A}.ReleaseAvalonia|ARM.Build.0 = Release|Any CPU
		{98887716-D54E-4B2F-ADA1-37F87DEA1B8A}.ReleaseAvalonia|ARM64.ActiveCfg = Release|Any CPU
		{98887716-D54E-4B2F-ADA1-37F87DEA1B8A}.ReleaseAvalonia|ARM64.Build.0 = Release|Any CPU
		{98887716-D54E-4B2F-ADA1-37F87DEA1B8A}.ReleaseAvalonia|x64.ActiveCfg = Release|Any CPU
		{98887716-D54E-4B2F-ADA1-37F87DEA1B8A}.ReleaseAvalonia|x64.Build.0 = Release|Any CPU
		{98887716-D54E-4B2F-ADA1-37F87DEA1B8A}.ReleaseAvalonia|x86.ActiveCfg = Release|Any CPU
		{98887716-D54E-4B2F-ADA1-37F87DEA1B8A}.ReleaseAvalonia|x86.Build.0 = Release|Any CPU
		{98887716-D54E-4B2F-ADA1-37F87DEA1B8A}.ReleaseAvaloniaRemoteDebugSupport|Any CPU.ActiveCfg = Release|Any CPU
		{98887716-D54E-4B2F-ADA1-37F87DEA1B8A}.ReleaseAvaloniaRemoteDebugSupport|Any CPU.Build.0 = Release|Any CPU
		{98887716-D54E-4B2F-ADA1-37F87DEA1B8A}.ReleaseAvaloniaRemoteDebugSupport|ARM.ActiveCfg = Release|Any CPU
		{98887716-D54E-4B2F-ADA1-37F87DEA1B8A}.ReleaseAvaloniaRemoteDebugSupport|ARM.Build.0 = Release|Any CPU
		{98887716-D54E-4B2F-ADA1-37F87DEA1B8A}.ReleaseAvaloniaRemoteDebugSupport|ARM64.ActiveCfg = Release|Any CPU
		{98887716-D54E-4B2F-ADA1-37F87DEA1B8A}.ReleaseAvaloniaRemoteDebugSupport|ARM64.Build.0 = Release|Any CPU
		{98887716-D54E-4B2F-ADA1-37F87DEA1B8A}.ReleaseAvaloniaRemoteDebugSupport|x64.ActiveCfg = Release|Any CPU
		{98887716-D54E-4B2F-ADA1-37F87DEA1B8A}.ReleaseAvaloniaRemoteDebugSupport|x64.Build.0 = Release|Any CPU
		{98887716-D54E-4B2F-ADA1-37F87DEA1B8A}.ReleaseAvaloniaRemoteDebugSupport|x86.ActiveCfg = Release|Any CPU
		{98887716-D54E-4B2F-ADA1-37F87DEA1B8A}.ReleaseAvaloniaRemoteDebugSupport|x86.Build.0 = Release|Any CPU
		{98887716-D54E-4B2F-ADA1-37F87DEA1B8A}.ReleaseWPF|Any CPU.ActiveCfg = Release|Any CPU
		{98887716-D54E-4B2F-ADA1-37F87DEA1B8A}.ReleaseWPF|Any CPU.Build.0 = Release|Any CPU
		{98887716-D54E-4B2F-ADA1-37F87DEA1B8A}.ReleaseWPF|ARM.ActiveCfg = Release|Any CPU
		{98887716-D54E-4B2F-ADA1-37F87DEA1B8A}.ReleaseWPF|ARM.Build.0 = Release|Any CPU
		{98887716-D54E-4B2F-ADA1-37F87DEA1B8A}.ReleaseWPF|ARM64.ActiveCfg = Release|Any CPU
		{98887716-D54E-4B2F-ADA1-37F87DEA1B8A}.ReleaseWPF|ARM64.Build.0 = Release|Any CPU
		{98887716-D54E-4B2F-ADA1-37F87DEA1B8A}.ReleaseWPF|x64.ActiveCfg = Release|Any CPU
		{98887716-D54E-4B2F-ADA1-37F87DEA1B8A}.ReleaseWPF|x64.Build.0 = Release|Any CPU
		{98887716-D54E-4B2F-ADA1-37F87DEA1B8A}.ReleaseWPF|x86.ActiveCfg = Release|Any CPU
		{98887716-D54E-4B2F-ADA1-37F87DEA1B8A}.ReleaseWPF|x86.Build.0 = Release|Any CPU
		{0BF70F98-56ED-40F0-8AF4-6D660968AD61}.Debug|Any CPU.ActiveCfg = Debug|Any CPU
		{0BF70F98-56ED-40F0-8AF4-6D660968AD61}.Debug|Any CPU.Build.0 = Debug|Any CPU
		{0BF70F98-56ED-40F0-8AF4-6D660968AD61}.Debug|Any CPU.Deploy.0 = Debug|Any CPU
		{0BF70F98-56ED-40F0-8AF4-6D660968AD61}.Debug|ARM.ActiveCfg = Debug|ARM
		{0BF70F98-56ED-40F0-8AF4-6D660968AD61}.Debug|ARM.Build.0 = Debug|ARM
		{0BF70F98-56ED-40F0-8AF4-6D660968AD61}.Debug|ARM.Deploy.0 = Debug|ARM
		{0BF70F98-56ED-40F0-8AF4-6D660968AD61}.Debug|ARM64.ActiveCfg = Debug|ARM64
		{0BF70F98-56ED-40F0-8AF4-6D660968AD61}.Debug|ARM64.Build.0 = Debug|ARM64
		{0BF70F98-56ED-40F0-8AF4-6D660968AD61}.Debug|ARM64.Deploy.0 = Debug|ARM64
		{0BF70F98-56ED-40F0-8AF4-6D660968AD61}.Debug|x64.ActiveCfg = Debug|x64
		{0BF70F98-56ED-40F0-8AF4-6D660968AD61}.Debug|x64.Build.0 = Debug|x64
		{0BF70F98-56ED-40F0-8AF4-6D660968AD61}.Debug|x64.Deploy.0 = Debug|x64
		{0BF70F98-56ED-40F0-8AF4-6D660968AD61}.Debug|x86.ActiveCfg = Debug|x86
		{0BF70F98-56ED-40F0-8AF4-6D660968AD61}.Debug|x86.Build.0 = Debug|x86
		{0BF70F98-56ED-40F0-8AF4-6D660968AD61}.Debug|x86.Deploy.0 = Debug|x86
		{0BF70F98-56ED-40F0-8AF4-6D660968AD61}.Release|Any CPU.ActiveCfg = Release|Any CPU
		{0BF70F98-56ED-40F0-8AF4-6D660968AD61}.Release|Any CPU.Build.0 = Release|Any CPU
		{0BF70F98-56ED-40F0-8AF4-6D660968AD61}.Release|Any CPU.Deploy.0 = Release|Any CPU
		{0BF70F98-56ED-40F0-8AF4-6D660968AD61}.Release|ARM.ActiveCfg = Release|ARM
		{0BF70F98-56ED-40F0-8AF4-6D660968AD61}.Release|ARM.Build.0 = Release|ARM
		{0BF70F98-56ED-40F0-8AF4-6D660968AD61}.Release|ARM.Deploy.0 = Release|ARM
		{0BF70F98-56ED-40F0-8AF4-6D660968AD61}.Release|ARM64.ActiveCfg = Release|ARM64
		{0BF70F98-56ED-40F0-8AF4-6D660968AD61}.Release|ARM64.Build.0 = Release|ARM64
		{0BF70F98-56ED-40F0-8AF4-6D660968AD61}.Release|ARM64.Deploy.0 = Release|ARM64
		{0BF70F98-56ED-40F0-8AF4-6D660968AD61}.Release|x64.ActiveCfg = Release|x64
		{0BF70F98-56ED-40F0-8AF4-6D660968AD61}.Release|x64.Build.0 = Release|x64
		{0BF70F98-56ED-40F0-8AF4-6D660968AD61}.Release|x64.Deploy.0 = Release|x64
		{0BF70F98-56ED-40F0-8AF4-6D660968AD61}.Release|x86.ActiveCfg = Release|x86
		{0BF70F98-56ED-40F0-8AF4-6D660968AD61}.Release|x86.Build.0 = Release|x86
		{0BF70F98-56ED-40F0-8AF4-6D660968AD61}.Release|x86.Deploy.0 = Release|x86
		{0BF70F98-56ED-40F0-8AF4-6D660968AD61}.ReleaseAvalonia|Any CPU.ActiveCfg = Release|Any CPU
		{0BF70F98-56ED-40F0-8AF4-6D660968AD61}.ReleaseAvalonia|Any CPU.Build.0 = Release|Any CPU
		{0BF70F98-56ED-40F0-8AF4-6D660968AD61}.ReleaseAvalonia|Any CPU.Deploy.0 = Release|Any CPU
		{0BF70F98-56ED-40F0-8AF4-6D660968AD61}.ReleaseAvalonia|ARM.ActiveCfg = Release|ARM
		{0BF70F98-56ED-40F0-8AF4-6D660968AD61}.ReleaseAvalonia|ARM.Build.0 = Release|ARM
		{0BF70F98-56ED-40F0-8AF4-6D660968AD61}.ReleaseAvalonia|ARM.Deploy.0 = Release|ARM
		{0BF70F98-56ED-40F0-8AF4-6D660968AD61}.ReleaseAvalonia|ARM64.ActiveCfg = Release|ARM64
		{0BF70F98-56ED-40F0-8AF4-6D660968AD61}.ReleaseAvalonia|ARM64.Build.0 = Release|ARM64
		{0BF70F98-56ED-40F0-8AF4-6D660968AD61}.ReleaseAvalonia|ARM64.Deploy.0 = Release|ARM64
		{0BF70F98-56ED-40F0-8AF4-6D660968AD61}.ReleaseAvalonia|x64.ActiveCfg = Release|x64
		{0BF70F98-56ED-40F0-8AF4-6D660968AD61}.ReleaseAvalonia|x64.Build.0 = Release|x64
		{0BF70F98-56ED-40F0-8AF4-6D660968AD61}.ReleaseAvalonia|x64.Deploy.0 = Release|x64
		{0BF70F98-56ED-40F0-8AF4-6D660968AD61}.ReleaseAvalonia|x86.ActiveCfg = Release|x86
		{0BF70F98-56ED-40F0-8AF4-6D660968AD61}.ReleaseAvalonia|x86.Build.0 = Release|x86
		{0BF70F98-56ED-40F0-8AF4-6D660968AD61}.ReleaseAvalonia|x86.Deploy.0 = Release|x86
		{0BF70F98-56ED-40F0-8AF4-6D660968AD61}.ReleaseAvaloniaRemoteDebugSupport|Any CPU.ActiveCfg = Release|Any CPU
		{0BF70F98-56ED-40F0-8AF4-6D660968AD61}.ReleaseAvaloniaRemoteDebugSupport|Any CPU.Build.0 = Release|Any CPU
		{0BF70F98-56ED-40F0-8AF4-6D660968AD61}.ReleaseAvaloniaRemoteDebugSupport|Any CPU.Deploy.0 = Release|Any CPU
		{0BF70F98-56ED-40F0-8AF4-6D660968AD61}.ReleaseAvaloniaRemoteDebugSupport|ARM.ActiveCfg = Release|ARM
		{0BF70F98-56ED-40F0-8AF4-6D660968AD61}.ReleaseAvaloniaRemoteDebugSupport|ARM.Build.0 = Release|ARM
		{0BF70F98-56ED-40F0-8AF4-6D660968AD61}.ReleaseAvaloniaRemoteDebugSupport|ARM.Deploy.0 = Release|ARM
		{0BF70F98-56ED-40F0-8AF4-6D660968AD61}.ReleaseAvaloniaRemoteDebugSupport|ARM64.ActiveCfg = Release|ARM64
		{0BF70F98-56ED-40F0-8AF4-6D660968AD61}.ReleaseAvaloniaRemoteDebugSupport|ARM64.Build.0 = Release|ARM64
		{0BF70F98-56ED-40F0-8AF4-6D660968AD61}.ReleaseAvaloniaRemoteDebugSupport|ARM64.Deploy.0 = Release|ARM64
		{0BF70F98-56ED-40F0-8AF4-6D660968AD61}.ReleaseAvaloniaRemoteDebugSupport|x64.ActiveCfg = Release|x64
		{0BF70F98-56ED-40F0-8AF4-6D660968AD61}.ReleaseAvaloniaRemoteDebugSupport|x64.Build.0 = Release|x64
		{0BF70F98-56ED-40F0-8AF4-6D660968AD61}.ReleaseAvaloniaRemoteDebugSupport|x64.Deploy.0 = Release|x64
		{0BF70F98-56ED-40F0-8AF4-6D660968AD61}.ReleaseAvaloniaRemoteDebugSupport|x86.ActiveCfg = Release|x86
		{0BF70F98-56ED-40F0-8AF4-6D660968AD61}.ReleaseAvaloniaRemoteDebugSupport|x86.Build.0 = Release|x86
		{0BF70F98-56ED-40F0-8AF4-6D660968AD61}.ReleaseAvaloniaRemoteDebugSupport|x86.Deploy.0 = Release|x86
		{0BF70F98-56ED-40F0-8AF4-6D660968AD61}.ReleaseWPF|Any CPU.ActiveCfg = Release|Any CPU
		{0BF70F98-56ED-40F0-8AF4-6D660968AD61}.ReleaseWPF|Any CPU.Build.0 = Release|Any CPU
		{0BF70F98-56ED-40F0-8AF4-6D660968AD61}.ReleaseWPF|Any CPU.Deploy.0 = Release|Any CPU
		{0BF70F98-56ED-40F0-8AF4-6D660968AD61}.ReleaseWPF|ARM.ActiveCfg = Release|ARM
		{0BF70F98-56ED-40F0-8AF4-6D660968AD61}.ReleaseWPF|ARM.Build.0 = Release|ARM
		{0BF70F98-56ED-40F0-8AF4-6D660968AD61}.ReleaseWPF|ARM.Deploy.0 = Release|ARM
		{0BF70F98-56ED-40F0-8AF4-6D660968AD61}.ReleaseWPF|ARM64.ActiveCfg = Release|ARM64
		{0BF70F98-56ED-40F0-8AF4-6D660968AD61}.ReleaseWPF|ARM64.Build.0 = Release|ARM64
		{0BF70F98-56ED-40F0-8AF4-6D660968AD61}.ReleaseWPF|ARM64.Deploy.0 = Release|ARM64
		{0BF70F98-56ED-40F0-8AF4-6D660968AD61}.ReleaseWPF|x64.ActiveCfg = Release|x64
		{0BF70F98-56ED-40F0-8AF4-6D660968AD61}.ReleaseWPF|x64.Build.0 = Release|x64
		{0BF70F98-56ED-40F0-8AF4-6D660968AD61}.ReleaseWPF|x64.Deploy.0 = Release|x64
		{0BF70F98-56ED-40F0-8AF4-6D660968AD61}.ReleaseWPF|x86.ActiveCfg = Release|x86
		{0BF70F98-56ED-40F0-8AF4-6D660968AD61}.ReleaseWPF|x86.Build.0 = Release|x86
		{0BF70F98-56ED-40F0-8AF4-6D660968AD61}.ReleaseWPF|x86.Deploy.0 = Release|x86
	EndGlobalSection
	GlobalSection(SolutionProperties) = preSolution
		HideSolutionNode = FALSE
	EndGlobalSection
	GlobalSection(NestedProjects) = preSolution
		{09676BC4-8AB0-4489-941D-B85CEB28D803} = {055D628C-A715-407F-B4C4-ED946BA1A058}
		{D080C6C2-BCEE-4CBB-83B6-A09A1AAD97EB} = {54A6EB45-1F6A-4B44-9855-5391F26DBB2B}
		{0BF70F98-56ED-40F0-8AF4-6D660968AD61} = {EF11087F-DBB6-4013-858A-6420C316E303}
	EndGlobalSection
	GlobalSection(ExtensibilityGlobals) = postSolution
		SolutionGuid = {8F2304B2-C2C7-459C-A3A0-C5619BBAED44}
	EndGlobalSection
EndGlobal
